
Microsoft Visual Studio Solution File, Format Version 12.00
# Visual Studio Version 17
VisualStudioVersion = 17.5.33414.496
MinimumVisualStudioVersion = 10.0.40219.1
Project("{9A19103F-16F7-4668-BE54-9A1E7A4F7556}") = "DevIO.Business", "src\DevIO.Business\DevIO.Business.csproj", "{D05C56EA-1472-463C-9C49-016C9DB35E59}"
EndProject
Project("{9A19103F-16F7-4668-BE54-9A1E7A4F7556}") = "DevIO.Data", "src\DevIO.Data\DevIO.Data.csproj", "{D96650FC-0D87-44F9-BD44-F6D22316E01E}"
EndProject
Project("{9A19103F-16F7-4668-BE54-9A1E7A4F7556}") = "DevIO.API", "src\DevIO.API\DevIO.API.csproj", "{036D113A-066F-415E-ACF9-AF2B8D4918DE}"
EndProject
Global
	GlobalSection(SolutionConfigurationPlatforms) = preSolution
		Debug|Any CPU = Debug|Any CPU
		Release|Any CPU = Release|Any CPU
	EndGlobalSection
	GlobalSection(ProjectConfigurationPlatforms) = postSolution
		{D05C56EA-1472-463C-9C49-016C9DB35E59}.Debug|Any CPU.ActiveCfg = Debug|Any CPU
		{D05C56EA-1472-463C-9C49-016C9DB35E59}.Debug|Any CPU.Build.0 = Debug|Any CPU
		{D05C56EA-1472-463C-9C49-016C9DB35E59}.Release|Any CPU.ActiveCfg = Release|Any CPU
		{D05C56EA-1472-463C-9C49-016C9DB35E59}.Release|Any CPU.Build.0 = Release|Any CPU
		{D96650FC-0D87-44F9-BD44-F6D22316E01E}.Debug|Any CPU.ActiveCfg = Debug|Any CPU
		{D96650FC-0D87-44F9-BD44-F6D22316E01E}.Debug|Any CPU.Build.0 = Debug|Any CPU
		{D96650FC-0D87-44F9-BD44-F6D22316E01E}.Release|Any CPU.ActiveCfg = Release|Any CPU
		{D96650FC-0D87-44F9-BD44-F6D22316E01E}.Release|Any CPU.Build.0 = Release|Any CPU
		{036D113A-066F-415E-ACF9-AF2B8D4918DE}.Debug|Any CPU.ActiveCfg = Debug|Any CPU
		{036D113A-066F-415E-ACF9-AF2B8D4918DE}.Debug|Any CPU.Build.0 = Debug|Any CPU
		{036D113A-066F-415E-ACF9-AF2B8D4918DE}.Release|Any CPU.ActiveCfg = Release|Any CPU
		{036D113A-066F-415E-ACF9-AF2B8D4918DE}.Release|Any CPU.Build.0 = Release|Any CPU
	EndGlobalSection
	GlobalSection(SolutionProperties) = preSolution
		HideSolutionNode = FALSE
	EndGlobalSection
	GlobalSection(ExtensibilityGlobals) = postSolution
		SolutionGuid = {7A851651-228F-407E-8542-D2728FC9ECDB}
	EndGlobalSection
EndGlobal
